// !$*UTF8*$!
{
	archiveVersion = 1;
	classes = {
	};
	objectVersion = 46;
	objects = {

/* Begin PBXBuildFile section */
		112E0248561C4042A97234BA /* Segoe UI Bold.ttf in Resources */ = {isa = PBXBuildFile; fileRef = 4F175AB74D2C493B9C932C43 /* Segoe UI Bold.ttf */; };
		13B07FBC1A68108700A75B9A /* AppDelegate.m in Sources */ = {isa = PBXBuildFile; fileRef = 13B07FB01A68108700A75B9A /* AppDelegate.m */; };
		13B07FBD1A68108700A75B9A /* LaunchScreen.xib in Resources */ = {isa = PBXBuildFile; fileRef = 13B07FB11A68108700A75B9A /* LaunchScreen.xib */; };
		13B07FBF1A68108700A75B9A /* Images.xcassets in Resources */ = {isa = PBXBuildFile; fileRef = 13B07FB51A68108700A75B9A /* Images.xcassets */; };
		13B07FC11A68108700A75B9A /* main.m in Sources */ = {isa = PBXBuildFile; fileRef = 13B07FB71A68108700A75B9A /* main.m */; };
		753140E9265E58ED00015026 /* libswiftWebKit.tbd in Frameworks */ = {isa = PBXBuildFile; fileRef = 753140E8265E58ED00015026 /* libswiftWebKit.tbd */; };
		753140EC265E5BF900015026 /* void.swift in Sources */ = {isa = PBXBuildFile; fileRef = 753140EB265E5BF900015026 /* void.swift */; };
		75457A61265660AF0051D833 /* main.jsbundle in Resources */ = {isa = PBXBuildFile; fileRef = 75457A60265660AF0051D833 /* main.jsbundle */; };
		882437D32740325500C194EF /* Raleway-Medium.ttf in Resources */ = {isa = PBXBuildFile; fileRef = DD0E6AF95B544AA3AA143E2A /* Raleway-Medium.ttf */; };
		882437D42740325A00C194EF /* Raleway-Bold.ttf in Resources */ = {isa = PBXBuildFile; fileRef = 918860C72476405EA2E3FCDF /* Raleway-Bold.ttf */; };
		9D9BF02B21B9E82F002C44BE /* GoogleService-Info.plist in Resources */ = {isa = PBXBuildFile; fileRef = 9D9BF02A21B9E82F002C44BE /* GoogleService-Info.plist */; };
		BD1EDFDCE77A490FBA045302 /* Segoe UI.ttf in Resources */ = {isa = PBXBuildFile; fileRef = 26990D53294D494AB053B930 /* Segoe UI.ttf */; };
		CC2875A1D6977CFEB70980FE /* libPods-ListingApp.a in Frameworks */ = {isa = PBXBuildFile; fileRef = C6673E3D3DFEAC050C66B20E /* libPods-ListingApp.a */; };
/* End PBXBuildFile section */

/* Begin PBXFileReference section */
		00E356F11AD99517003FC87E /* Info.plist */ = {isa = PBXFileReference; lastKnownFileType = text.plist.xml; path = Info.plist; sourceTree = "<group>"; };
		00E356F21AD99517003FC87E /* ListingAppTests.m */ = {isa = PBXFileReference; lastKnownFileType = sourcecode.c.objc; path = ListingAppTests.m; sourceTree = "<group>"; };
		01DCC66F22580CA800172722 /* libInteractable.a */ = {isa = PBXFileReference; explicitFileType = archive.ar; path = libInteractable.a; sourceTree = BUILT_PRODUCTS_DIR; };
		020111701C55497593191CE6 /* EvilIcons.ttf */ = {isa = PBXFileReference; explicitFileType = undefined; fileEncoding = 9; includeInIndex = 0; lastKnownFileType = unknown; name = EvilIcons.ttf; path = "../node_modules/react-native-vector-icons/Fonts/EvilIcons.ttf"; sourceTree = "<group>"; };
		0DA3A844BA724716A0039F08 /* Noto Sans.ttf */ = {isa = PBXFileReference; explicitFileType = undefined; fileEncoding = 9; includeInIndex = 0; lastKnownFileType = unknown; name = "Noto Sans.ttf"; path = "../assets/fonts/Noto Sans.ttf"; sourceTree = "<group>"; };
		10181228FF795ACA571D3739 /* Pods-ListingApp.debug.xcconfig */ = {isa = PBXFileReference; includeInIndex = 1; lastKnownFileType = text.xcconfig; name = "Pods-ListingApp.debug.xcconfig"; path = "Pods/Target Support Files/Pods-ListingApp/Pods-ListingApp.debug.xcconfig"; sourceTree = "<group>"; };
		13B07F961A680F5B00A75B9A /* BlackMD Cares.app */ = {isa = PBXFileReference; explicitFileType = wrapper.application; includeInIndex = 0; path = "BlackMD Cares.app"; sourceTree = BUILT_PRODUCTS_DIR; };
		13B07FAF1A68108700A75B9A /* AppDelegate.h */ = {isa = PBXFileReference; fileEncoding = 4; lastKnownFileType = sourcecode.c.h; name = AppDelegate.h; path = ListingApp/AppDelegate.h; sourceTree = "<group>"; };
		13B07FB01A68108700A75B9A /* AppDelegate.m */ = {isa = PBXFileReference; fileEncoding = 4; lastKnownFileType = sourcecode.c.objc; name = AppDelegate.m; path = ListingApp/AppDelegate.m; sourceTree = "<group>"; };
		13B07FB21A68108700A75B9A /* Base */ = {isa = PBXFileReference; lastKnownFileType = file.xib; name = Base; path = Base.lproj/LaunchScreen.xib; sourceTree = "<group>"; };
		13B07FB51A68108700A75B9A /* Images.xcassets */ = {isa = PBXFileReference; lastKnownFileType = folder.assetcatalog; name = Images.xcassets; path = ListingApp/Images.xcassets; sourceTree = "<group>"; };
		13B07FB61A68108700A75B9A /* Info.plist */ = {isa = PBXFileReference; fileEncoding = 4; lastKnownFileType = text.plist.xml; name = Info.plist; path = ListingApp/Info.plist; sourceTree = "<group>"; };
		13B07FB71A68108700A75B9A /* main.m */ = {isa = PBXFileReference; fileEncoding = 4; lastKnownFileType = sourcecode.c.objc; name = main.m; path = ListingApp/main.m; sourceTree = "<group>"; };
		17ED0304262B4825A87D7522 /* Raleway-SemiBold.ttf */ = {isa = PBXFileReference; explicitFileType = undefined; fileEncoding = 9; includeInIndex = 0; lastKnownFileType = unknown; name = "Raleway-SemiBold.ttf"; path = "../assets/fonts/Raleway-SemiBold.ttf"; sourceTree = "<group>"; };
		26990D53294D494AB053B930 /* Segoe UI.ttf */ = {isa = PBXFileReference; explicitFileType = undefined; fileEncoding = 9; includeInIndex = 0; lastKnownFileType = unknown; name = "Segoe UI.ttf"; path = "../assets/fonts/Segoe UI.ttf"; sourceTree = "<group>"; };
		297305B48CF74F3CABBE94D6 /* Raleway-ExtraLight.ttf */ = {isa = PBXFileReference; explicitFileType = undefined; fileEncoding = 9; includeInIndex = 0; lastKnownFileType = unknown; name = "Raleway-ExtraLight.ttf"; path = "../assets/fonts/Raleway-ExtraLight.ttf"; sourceTree = "<group>"; };
		2D16E6891FA4F8E400B85C8A /* libReact.a */ = {isa = PBXFileReference; explicitFileType = archive.ar; path = libReact.a; sourceTree = BUILT_PRODUCTS_DIR; };
		3297A8A523834536A7BA0034 /* Raleway-ExtraBold.ttf */ = {isa = PBXFileReference; explicitFileType = undefined; fileEncoding = 9; includeInIndex = 0; lastKnownFileType = unknown; name = "Raleway-ExtraBold.ttf"; path = "../assets/fonts/Raleway-ExtraBold.ttf"; sourceTree = "<group>"; };
		3E70366DF1C74503947F1A94 /* FontAwesome5_Brands.ttf */ = {isa = PBXFileReference; explicitFileType = undefined; fileEncoding = 9; includeInIndex = 0; lastKnownFileType = unknown; name = FontAwesome5_Brands.ttf; path = "../node_modules/react-native-vector-icons/Fonts/FontAwesome5_Brands.ttf"; sourceTree = "<group>"; };
		4304ED866DE34466BE18A367 /* Ionicons.ttf */ = {isa = PBXFileReference; explicitFileType = undefined; fileEncoding = 9; includeInIndex = 0; lastKnownFileType = unknown; name = Ionicons.ttf; path = "../node_modules/react-native-vector-icons/Fonts/Ionicons.ttf"; sourceTree = "<group>"; };
		4F175AB74D2C493B9C932C43 /* Segoe UI Bold.ttf */ = {isa = PBXFileReference; explicitFileType = undefined; fileEncoding = 9; includeInIndex = 0; lastKnownFileType = unknown; name = "Segoe UI Bold.ttf"; path = "../assets/fonts/Segoe UI Bold.ttf"; sourceTree = "<group>"; };
		50462C22533046788DB56D6A /* Feather.ttf */ = {isa = PBXFileReference; explicitFileType = undefined; fileEncoding = 9; includeInIndex = 0; lastKnownFileType = unknown; name = Feather.ttf; path = "../node_modules/react-native-vector-icons/Fonts/Feather.ttf"; sourceTree = "<group>"; };
		537774A35AF14EC3B61CECB2 /* Raleway-Regular.ttf */ = {isa = PBXFileReference; explicitFileType = undefined; fileEncoding = 9; includeInIndex = 0; lastKnownFileType = unknown; name = "Raleway-Regular.ttf"; path = "../assets/fonts/Raleway-Regular.ttf"; sourceTree = "<group>"; };
		562938C384674EDB8990B980 /* Raleway-Thin.ttf */ = {isa = PBXFileReference; explicitFileType = undefined; fileEncoding = 9; includeInIndex = 0; lastKnownFileType = unknown; name = "Raleway-Thin.ttf"; path = "../assets/fonts/Raleway-Thin.ttf"; sourceTree = "<group>"; };
		5735C74B42394C4082D0992F /* SimpleLineIcons.ttf */ = {isa = PBXFileReference; explicitFileType = undefined; fileEncoding = 9; includeInIndex = 0; lastKnownFileType = unknown; name = SimpleLineIcons.ttf; path = "../node_modules/react-native-vector-icons/Fonts/SimpleLineIcons.ttf"; sourceTree = "<group>"; };
		5E2E3FFC7D894C3D9B564919 /* MaterialIcons.ttf */ = {isa = PBXFileReference; explicitFileType = undefined; fileEncoding = 9; includeInIndex = 0; lastKnownFileType = unknown; name = MaterialIcons.ttf; path = "../node_modules/react-native-vector-icons/Fonts/MaterialIcons.ttf"; sourceTree = "<group>"; };
		5FB7D340C1E64C0C9DD31291 /* Raleway-Heavy.ttf */ = {isa = PBXFileReference; explicitFileType = undefined; fileEncoding = 9; includeInIndex = 0; lastKnownFileType = unknown; name = "Raleway-Heavy.ttf"; path = "../assets/fonts/Raleway-Heavy.ttf"; sourceTree = "<group>"; };
		65E7C8CD0FBB475EB42EA52F /* Zocial.ttf */ = {isa = PBXFileReference; explicitFileType = undefined; fileEncoding = 9; includeInIndex = 0; lastKnownFileType = unknown; name = Zocial.ttf; path = "../node_modules/react-native-vector-icons/Fonts/Zocial.ttf"; sourceTree = "<group>"; };
		70829E970FCE46D3BCA647CB /* Noto Sans Bold.ttf */ = {isa = PBXFileReference; explicitFileType = undefined; fileEncoding = 9; includeInIndex = 0; lastKnownFileType = unknown; name = "Noto Sans Bold.ttf"; path = "../assets/fonts/Noto Sans Bold.ttf"; sourceTree = "<group>"; };
		72BD04B8D9AC4A1CB32AE2A9 /* Entypo.ttf */ = {isa = PBXFileReference; explicitFileType = undefined; fileEncoding = 9; includeInIndex = 0; lastKnownFileType = unknown; name = Entypo.ttf; path = "../node_modules/react-native-vector-icons/Fonts/Entypo.ttf"; sourceTree = "<group>"; };
		753140E8265E58ED00015026 /* libswiftWebKit.tbd */ = {isa = PBXFileReference; lastKnownFileType = "sourcecode.text-based-dylib-definition"; name = libswiftWebKit.tbd; path = usr/lib/swift/libswiftWebKit.tbd; sourceTree = SDKROOT; };
		753140EA265E5BF800015026 /* ListingApp-Bridging-Header.h */ = {isa = PBXFileReference; lastKnownFileType = sourcecode.c.h; path = "ListingApp-Bridging-Header.h"; sourceTree = "<group>"; };
		753140EB265E5BF900015026 /* void.swift */ = {isa = PBXFileReference; lastKnownFileType = sourcecode.swift; path = void.swift; sourceTree = "<group>"; };
		75457A60265660AF0051D833 /* main.jsbundle */ = {isa = PBXFileReference; fileEncoding = 4; lastKnownFileType = text; path = main.jsbundle; sourceTree = "<group>"; };
		75E9BD1E265C08B500A26C07 /* libRNGestureHandler.a */ = {isa = PBXFileReference; explicitFileType = archive.ar; path = libRNGestureHandler.a; sourceTree = BUILT_PRODUCTS_DIR; };
		7C185E9B19EE4B439CAE8945 /* Foundation.ttf */ = {isa = PBXFileReference; explicitFileType = undefined; fileEncoding = 9; includeInIndex = 0; lastKnownFileType = unknown; name = Foundation.ttf; path = "../node_modules/react-native-vector-icons/Fonts/Foundation.ttf"; sourceTree = "<group>"; };
		8749522EA0114B6990406134 /* Octicons.ttf */ = {isa = PBXFileReference; explicitFileType = undefined; fileEncoding = 9; includeInIndex = 0; lastKnownFileType = unknown; name = Octicons.ttf; path = "../node_modules/react-native-vector-icons/Fonts/Octicons.ttf"; sourceTree = "<group>"; };
		8760AAA0A644429A94CC5616 /* FontAwesome.ttf */ = {isa = PBXFileReference; explicitFileType = undefined; fileEncoding = 9; includeInIndex = 0; lastKnownFileType = unknown; name = FontAwesome.ttf; path = "../node_modules/react-native-vector-icons/Fonts/FontAwesome.ttf"; sourceTree = "<group>"; };
		8944AD9282734A94BD04A995 /* AntDesign.ttf */ = {isa = PBXFileReference; explicitFileType = undefined; fileEncoding = 9; includeInIndex = 0; lastKnownFileType = unknown; name = AntDesign.ttf; path = "../node_modules/react-native-vector-icons/Fonts/AntDesign.ttf"; sourceTree = "<group>"; };
		8DF942E0915788AC557F60DF /* Pods/Target Support Files/Pods-ListingApp/Pods-ListingApp.release.xcconfig */ = {isa = PBXFileReference; includeInIndex = 1; lastKnownFileType = text.xcconfig; path = "Pods/Target Support Files/Pods-ListingApp/Pods-ListingApp.release.xcconfig"; sourceTree = "<group>"; };
		918860C72476405EA2E3FCDF /* Raleway-Bold.ttf */ = {isa = PBXFileReference; explicitFileType = undefined; fileEncoding = 9; includeInIndex = 0; lastKnownFileType = unknown; name = "Raleway-Bold.ttf"; path = "../assets/fonts/Raleway-Bold.ttf"; sourceTree = "<group>"; };
		9D9BF02A21B9E82F002C44BE /* GoogleService-Info.plist */ = {isa = PBXFileReference; fileEncoding = 4; lastKnownFileType = text.plist.xml; name = "GoogleService-Info.plist"; path = "ListingApp/GoogleService-Info.plist"; sourceTree = "<group>"; };
		9FF35C1824424D4800C0DD2A /* Fadr.entitlements */ = {isa = PBXFileReference; lastKnownFileType = text.plist.entitlements; name = Fadr.entitlements; path = ListingApp/Fadr.entitlements; sourceTree = "<group>"; };
		A7CA9ABA2AD14BEDB422F47E /* FontAwesome5_Solid.ttf */ = {isa = PBXFileReference; explicitFileType = undefined; fileEncoding = 9; includeInIndex = 0; lastKnownFileType = unknown; name = FontAwesome5_Solid.ttf; path = "../node_modules/react-native-vector-icons/Fonts/FontAwesome5_Solid.ttf"; sourceTree = "<group>"; };
		C6673E3D3DFEAC050C66B20E /* libPods-ListingApp.a */ = {isa = PBXFileReference; explicitFileType = archive.ar; includeInIndex = 0; path = "libPods-ListingApp.a"; sourceTree = BUILT_PRODUCTS_DIR; };
		D28F0999887049608EF949E7 /* FontAwesome5_Regular.ttf */ = {isa = PBXFileReference; explicitFileType = undefined; fileEncoding = 9; includeInIndex = 0; lastKnownFileType = unknown; name = FontAwesome5_Regular.ttf; path = "../node_modules/react-native-vector-icons/Fonts/FontAwesome5_Regular.ttf"; sourceTree = "<group>"; };
		DD0E6AF95B544AA3AA143E2A /* Raleway-Medium.ttf */ = {isa = PBXFileReference; explicitFileType = undefined; fileEncoding = 9; includeInIndex = 0; lastKnownFileType = unknown; name = "Raleway-Medium.ttf"; path = "../assets/fonts/Raleway-Medium.ttf"; sourceTree = "<group>"; };
		E435696194444C82A799D711 /* Fontisto.ttf */ = {isa = PBXFileReference; explicitFileType = undefined; fileEncoding = 9; includeInIndex = 0; lastKnownFileType = unknown; name = Fontisto.ttf; path = "../node_modules/react-native-vector-icons/Fonts/Fontisto.ttf"; sourceTree = "<group>"; };
		F63435CB1E8648DCA33FAA8D /* Raleway-Light.ttf */ = {isa = PBXFileReference; explicitFileType = undefined; fileEncoding = 9; includeInIndex = 0; lastKnownFileType = unknown; name = "Raleway-Light.ttf"; path = "../assets/fonts/Raleway-Light.ttf"; sourceTree = "<group>"; };
		FA2B294B0A2345E2A7A9868B /* MaterialCommunityIcons.ttf */ = {isa = PBXFileReference; explicitFileType = undefined; fileEncoding = 9; includeInIndex = 0; lastKnownFileType = unknown; name = MaterialCommunityIcons.ttf; path = "../node_modules/react-native-vector-icons/Fonts/MaterialCommunityIcons.ttf"; sourceTree = "<group>"; };
/* End PBXFileReference section */

/* Begin PBXFrameworksBuildPhase section */
		13B07F8C1A680F5B00A75B9A /* Frameworks */ = {
			isa = PBXFrameworksBuildPhase;
			buildActionMask = 2147483647;
			files = (
				753140E9265E58ED00015026 /* libswiftWebKit.tbd in Frameworks */,
				CC2875A1D6977CFEB70980FE /* libPods-ListingApp.a in Frameworks */,
			);
			runOnlyForDeploymentPostprocessing = 0;
		};
/* End PBXFrameworksBuildPhase section */

/* Begin PBXGroup section */
		00E356EF1AD99517003FC87E /* ListingAppTests */ = {
			isa = PBXGroup;
			children = (
				00E356F21AD99517003FC87E /* ListingAppTests.m */,
				00E356F01AD99517003FC87E /* Supporting Files */,
			);
			path = ListingAppTests;
			sourceTree = "<group>";
		};
		00E356F01AD99517003FC87E /* Supporting Files */ = {
			isa = PBXGroup;
			children = (
				00E356F11AD99517003FC87E /* Info.plist */,
			);
			name = "Supporting Files";
			sourceTree = "<group>";
		};
		0B4B67337A3FBDD1D093BE8A /* Pods */ = {
			isa = PBXGroup;
			children = (
				8DF942E0915788AC557F60DF /* Pods/Target Support Files/Pods-ListingApp/Pods-ListingApp.release.xcconfig */,
				10181228FF795ACA571D3739 /* Pods-ListingApp.debug.xcconfig */,
			);
			name = Pods;
			sourceTree = "<group>";
		};
		13B07FAE1A68108700A75B9A /* ListingApp */ = {
			isa = PBXGroup;
			children = (
				75457A60265660AF0051D833 /* main.jsbundle */,
				9FF35C1824424D4800C0DD2A /* Fadr.entitlements */,
				9D9BF02A21B9E82F002C44BE /* GoogleService-Info.plist */,
				13B07FAF1A68108700A75B9A /* AppDelegate.h */,
				13B07FB01A68108700A75B9A /* AppDelegate.m */,
				13B07FB51A68108700A75B9A /* Images.xcassets */,
				13B07FB61A68108700A75B9A /* Info.plist */,
				13B07FB11A68108700A75B9A /* LaunchScreen.xib */,
				13B07FB71A68108700A75B9A /* main.m */,
			);
			name = ListingApp;
			sourceTree = "<group>";
		};
		2A065A5092A9417FAE49ADD3 /* Resources */ = {
			isa = PBXGroup;
			children = (
				8944AD9282734A94BD04A995 /* AntDesign.ttf */,
				72BD04B8D9AC4A1CB32AE2A9 /* Entypo.ttf */,
				020111701C55497593191CE6 /* EvilIcons.ttf */,
				50462C22533046788DB56D6A /* Feather.ttf */,
				8760AAA0A644429A94CC5616 /* FontAwesome.ttf */,
				3E70366DF1C74503947F1A94 /* FontAwesome5_Brands.ttf */,
				D28F0999887049608EF949E7 /* FontAwesome5_Regular.ttf */,
				A7CA9ABA2AD14BEDB422F47E /* FontAwesome5_Solid.ttf */,
				E435696194444C82A799D711 /* Fontisto.ttf */,
				7C185E9B19EE4B439CAE8945 /* Foundation.ttf */,
				4304ED866DE34466BE18A367 /* Ionicons.ttf */,
				FA2B294B0A2345E2A7A9868B /* MaterialCommunityIcons.ttf */,
				5E2E3FFC7D894C3D9B564919 /* MaterialIcons.ttf */,
				8749522EA0114B6990406134 /* Octicons.ttf */,
				5735C74B42394C4082D0992F /* SimpleLineIcons.ttf */,
				65E7C8CD0FBB475EB42EA52F /* Zocial.ttf */,
				70829E970FCE46D3BCA647CB /* Noto Sans Bold.ttf */,
				0DA3A844BA724716A0039F08 /* Noto Sans.ttf */,
				918860C72476405EA2E3FCDF /* Raleway-Bold.ttf */,
				3297A8A523834536A7BA0034 /* Raleway-ExtraBold.ttf */,
				297305B48CF74F3CABBE94D6 /* Raleway-ExtraLight.ttf */,
				5FB7D340C1E64C0C9DD31291 /* Raleway-Heavy.ttf */,
				F63435CB1E8648DCA33FAA8D /* Raleway-Light.ttf */,
				DD0E6AF95B544AA3AA143E2A /* Raleway-Medium.ttf */,
				537774A35AF14EC3B61CECB2 /* Raleway-Regular.ttf */,
				17ED0304262B4825A87D7522 /* Raleway-SemiBold.ttf */,
				562938C384674EDB8990B980 /* Raleway-Thin.ttf */,
				4F175AB74D2C493B9C932C43 /* Segoe UI Bold.ttf */,
				26990D53294D494AB053B930 /* Segoe UI.ttf */,
			);
			name = Resources;
			sourceTree = "<group>";
		};
		2D16E6871FA4F8E400B85C8A /* Frameworks */ = {
			isa = PBXGroup;
			children = (
				753140E8265E58ED00015026 /* libswiftWebKit.tbd */,
				75E9BD1E265C08B500A26C07 /* libRNGestureHandler.a */,
				01DCC66F22580CA800172722 /* libInteractable.a */,
				2D16E6891FA4F8E400B85C8A /* libReact.a */,
				C6673E3D3DFEAC050C66B20E /* libPods-ListingApp.a */,
			);
			name = Frameworks;
			sourceTree = "<group>";
		};
		832341AE1AAA6A7D00B99B32 /* Libraries */ = {
			isa = PBXGroup;
			children = (
			);
			name = Libraries;
			sourceTree = "<group>";
		};
		83CBB9F61A601CBA00E9B192 = {
			isa = PBXGroup;
			children = (
				753140EB265E5BF900015026 /* void.swift */,
				13B07FAE1A68108700A75B9A /* ListingApp */,
				832341AE1AAA6A7D00B99B32 /* Libraries */,
				00E356EF1AD99517003FC87E /* ListingAppTests */,
				83CBBA001A601CBA00E9B192 /* Products */,
				2D16E6871FA4F8E400B85C8A /* Frameworks */,
				2A065A5092A9417FAE49ADD3 /* Resources */,
				0B4B67337A3FBDD1D093BE8A /* Pods */,
				9D9BEFF021B9E3DF002C44BE /* Recovered References */,
				753140EA265E5BF800015026 /* ListingApp-Bridging-Header.h */,
			);
			indentWidth = 2;
			sourceTree = "<group>";
			tabWidth = 2;
			usesTabs = 0;
		};
		83CBBA001A601CBA00E9B192 /* Products */ = {
			isa = PBXGroup;
			children = (
				13B07F961A680F5B00A75B9A /* BlackMD Cares.app */,
			);
			name = Products;
			sourceTree = "<group>";
		};
		9D9BEFF021B9E3DF002C44BE /* Recovered References */ = {
			isa = PBXGroup;
			children = (
			);
			name = "Recovered References";
			sourceTree = "<group>";
		};
/* End PBXGroup section */

/* Begin PBXNativeTarget section */
		13B07F861A680F5B00A75B9A /* ListingApp */ = {
			isa = PBXNativeTarget;
			buildConfigurationList = 13B07F931A680F5B00A75B9A /* Build configuration list for PBXNativeTarget "ListingApp" */;
			buildPhases = (
				FED458933E48266FA4E4D205 /* [CP] Check Pods Manifest.lock */,
				13B07F871A680F5B00A75B9A /* Sources */,
				13B07F8C1A680F5B00A75B9A /* Frameworks */,
				13B07F8E1A680F5B00A75B9A /* Resources */,
				00DD1BFF1BD5951E006B06BC /* Bundle React Native code and images */,
				4C4FA3DC93844066D43E95F0 /* [CP] Copy Pods Resources */,
			);
			buildRules = (
			);
			dependencies = (
			);
			name = ListingApp;
			productName = "Hello World";
			productReference = 13B07F961A680F5B00A75B9A /* BlackMD Cares.app */;
			productType = "com.apple.product-type.application";
		};
/* End PBXNativeTarget section */

/* Begin PBXProject section */
		83CBB9F71A601CBA00E9B192 /* Project object */ = {
			isa = PBXProject;
			attributes = {
				LastUpgradeCheck = 940;
				ORGANIZATIONNAME = Facebook;
				TargetAttributes = {
					13B07F861A680F5B00A75B9A = {
						DevelopmentTeam = 5FGL9AN4NB;
						LastSwiftMigration = 1250;
						ProvisioningStyle = Automatic;
						SystemCapabilities = {
							com.apple.BackgroundModes = {
								enabled = 1;
							};
							com.apple.Push = {
								enabled = 1;
							};
						};
					};
				};
			};
			buildConfigurationList = 83CBB9FA1A601CBA00E9B192 /* Build configuration list for PBXProject "ListingApp" */;
			compatibilityVersion = "Xcode 3.2";
			developmentRegion = English;
			hasScannedForEncodings = 0;
			knownRegions = (
				English,
				en,
				Base,
			);
			mainGroup = 83CBB9F61A601CBA00E9B192;
			productRefGroup = 83CBBA001A601CBA00E9B192 /* Products */;
			projectDirPath = "";
			projectRoot = "";
			targets = (
				13B07F861A680F5B00A75B9A /* ListingApp */,
			);
		};
/* End PBXProject section */

/* Begin PBXResourcesBuildPhase section */
		13B07F8E1A680F5B00A75B9A /* Resources */ = {
			isa = PBXResourcesBuildPhase;
			buildActionMask = 2147483647;
			files = (
				13B07FBF1A68108700A75B9A /* Images.xcassets in Resources */,
				882437D42740325A00C194EF /* Raleway-Bold.ttf in Resources */,
				13B07FBD1A68108700A75B9A /* LaunchScreen.xib in Resources */,
				882437D32740325500C194EF /* Raleway-Medium.ttf in Resources */,
				9D9BF02B21B9E82F002C44BE /* GoogleService-Info.plist in Resources */,
				75457A61265660AF0051D833 /* main.jsbundle in Resources */,
				112E0248561C4042A97234BA /* Segoe UI Bold.ttf in Resources */,
				BD1EDFDCE77A490FBA045302 /* Segoe UI.ttf in Resources */,
			);
			runOnlyForDeploymentPostprocessing = 0;
		};
/* End PBXResourcesBuildPhase section */

/* Begin PBXShellScriptBuildPhase section */
		00DD1BFF1BD5951E006B06BC /* Bundle React Native code and images */ = {
			isa = PBXShellScriptBuildPhase;
			buildActionMask = 2147483647;
			files = (
			);
			inputPaths = (
			);
			name = "Bundle React Native code and images";
			outputPaths = (
			);
			runOnlyForDeploymentPostprocessing = 0;
			shellPath = /bin/sh;
			shellScript = "export NODE_BINARY=node\n../node_modules/react-native/scripts/react-native-xcode.sh\n";
		};
		4C4FA3DC93844066D43E95F0 /* [CP] Copy Pods Resources */ = {
			isa = PBXShellScriptBuildPhase;
			buildActionMask = 2147483647;
			files = (
			);
			inputPaths = (
				"${PODS_ROOT}/Target Support Files/Pods-ListingApp/Pods-ListingApp-resources.sh",
				"${PODS_CONFIGURATION_BUILD_DIR}/gRPC-C++/gRPCCertificates-Cpp.bundle",
				"${PODS_CONFIGURATION_BUILD_DIR}/FBSDKCoreKit/FacebookSDKStrings.bundle",
				"${PODS_ROOT}/GoogleMaps/Maps/Frameworks/GoogleMaps.framework/Resources/GoogleMaps.bundle",
				"${PODS_CONFIGURATION_BUILD_DIR}/QBImagePickerController/QBImagePicker.bundle",
				"${PODS_ROOT}/../../node_modules/react-native-vector-icons/Fonts/AntDesign.ttf",
				"${PODS_ROOT}/../../node_modules/react-native-vector-icons/Fonts/Entypo.ttf",
				"${PODS_ROOT}/../../node_modules/react-native-vector-icons/Fonts/EvilIcons.ttf",
				"${PODS_ROOT}/../../node_modules/react-native-vector-icons/Fonts/Feather.ttf",
				"${PODS_ROOT}/../../node_modules/react-native-vector-icons/Fonts/FontAwesome.ttf",
				"${PODS_ROOT}/../../node_modules/react-native-vector-icons/Fonts/FontAwesome5_Brands.ttf",
				"${PODS_ROOT}/../../node_modules/react-native-vector-icons/Fonts/FontAwesome5_Regular.ttf",
				"${PODS_ROOT}/../../node_modules/react-native-vector-icons/Fonts/FontAwesome5_Solid.ttf",
				"${PODS_ROOT}/../../node_modules/react-native-vector-icons/Fonts/Fontisto.ttf",
				"${PODS_ROOT}/../../node_modules/react-native-vector-icons/Fonts/Foundation.ttf",
				"${PODS_ROOT}/../../node_modules/react-native-vector-icons/Fonts/Ionicons.ttf",
				"${PODS_ROOT}/../../node_modules/react-native-vector-icons/Fonts/MaterialCommunityIcons.ttf",
				"${PODS_ROOT}/../../node_modules/react-native-vector-icons/Fonts/MaterialIcons.ttf",
				"${PODS_ROOT}/../../node_modules/react-native-vector-icons/Fonts/Octicons.ttf",
				"${PODS_ROOT}/../../node_modules/react-native-vector-icons/Fonts/SimpleLineIcons.ttf",
				"${PODS_ROOT}/../../node_modules/react-native-vector-icons/Fonts/Zocial.ttf",
				"${PODS_ROOT}/RSKImageCropper/RSKImageCropper/RSKImageCropperStrings.bundle",
			);
			name = "[CP] Copy Pods Resources";
			outputPaths = (
				"${TARGET_BUILD_DIR}/${UNLOCALIZED_RESOURCES_FOLDER_PATH}/gRPCCertificates-Cpp.bundle",
				"${TARGET_BUILD_DIR}/${UNLOCALIZED_RESOURCES_FOLDER_PATH}/FacebookSDKStrings.bundle",
				"${TARGET_BUILD_DIR}/${UNLOCALIZED_RESOURCES_FOLDER_PATH}/GoogleMaps.bundle",
				"${TARGET_BUILD_DIR}/${UNLOCALIZED_RESOURCES_FOLDER_PATH}/QBImagePicker.bundle",
				"${TARGET_BUILD_DIR}/${UNLOCALIZED_RESOURCES_FOLDER_PATH}/AntDesign.ttf",
				"${TARGET_BUILD_DIR}/${UNLOCALIZED_RESOURCES_FOLDER_PATH}/Entypo.ttf",
				"${TARGET_BUILD_DIR}/${UNLOCALIZED_RESOURCES_FOLDER_PATH}/EvilIcons.ttf",
				"${TARGET_BUILD_DIR}/${UNLOCALIZED_RESOURCES_FOLDER_PATH}/Feather.ttf",
				"${TARGET_BUILD_DIR}/${UNLOCALIZED_RESOURCES_FOLDER_PATH}/FontAwesome.ttf",
				"${TARGET_BUILD_DIR}/${UNLOCALIZED_RESOURCES_FOLDER_PATH}/FontAwesome5_Brands.ttf",
				"${TARGET_BUILD_DIR}/${UNLOCALIZED_RESOURCES_FOLDER_PATH}/FontAwesome5_Regular.ttf",
				"${TARGET_BUILD_DIR}/${UNLOCALIZED_RESOURCES_FOLDER_PATH}/FontAwesome5_Solid.ttf",
				"${TARGET_BUILD_DIR}/${UNLOCALIZED_RESOURCES_FOLDER_PATH}/Fontisto.ttf",
				"${TARGET_BUILD_DIR}/${UNLOCALIZED_RESOURCES_FOLDER_PATH}/Foundation.ttf",
				"${TARGET_BUILD_DIR}/${UNLOCALIZED_RESOURCES_FOLDER_PATH}/Ionicons.ttf",
				"${TARGET_BUILD_DIR}/${UNLOCALIZED_RESOURCES_FOLDER_PATH}/MaterialCommunityIcons.ttf",
				"${TARGET_BUILD_DIR}/${UNLOCALIZED_RESOURCES_FOLDER_PATH}/MaterialIcons.ttf",
				"${TARGET_BUILD_DIR}/${UNLOCALIZED_RESOURCES_FOLDER_PATH}/Octicons.ttf",
				"${TARGET_BUILD_DIR}/${UNLOCALIZED_RESOURCES_FOLDER_PATH}/SimpleLineIcons.ttf",
				"${TARGET_BUILD_DIR}/${UNLOCALIZED_RESOURCES_FOLDER_PATH}/Zocial.ttf",
				"${TARGET_BUILD_DIR}/${UNLOCALIZED_RESOURCES_FOLDER_PATH}/RSKImageCropperStrings.bundle",
			);
			runOnlyForDeploymentPostprocessing = 0;
			shellPath = /bin/sh;
			shellScript = "\"${PODS_ROOT}/Target Support Files/Pods-ListingApp/Pods-ListingApp-resources.sh\"\n";
			showEnvVarsInLog = 0;
		};
		FED458933E48266FA4E4D205 /* [CP] Check Pods Manifest.lock */ = {
			isa = PBXShellScriptBuildPhase;
			buildActionMask = 2147483647;
			files = (
			);
			inputFileListPaths = (
			);
			inputPaths = (
				"${PODS_PODFILE_DIR_PATH}/Podfile.lock",
				"${PODS_ROOT}/Manifest.lock",
			);
			name = "[CP] Check Pods Manifest.lock";
			outputFileListPaths = (
			);
			outputPaths = (
				"$(DERIVED_FILE_DIR)/Pods-ListingApp-checkManifestLockResult.txt",
			);
			runOnlyForDeploymentPostprocessing = 0;
			shellPath = /bin/sh;
			shellScript = "diff \"${PODS_PODFILE_DIR_PATH}/Podfile.lock\" \"${PODS_ROOT}/Manifest.lock\" > /dev/null\nif [ $? != 0 ] ; then\n    # print error to STDERR\n    echo \"error: The sandbox is not in sync with the Podfile.lock. Run 'pod install' or update your CocoaPods installation.\" >&2\n    exit 1\nfi\n# This output is used by Xcode 'outputs' to avoid re-running this script phase.\necho \"SUCCESS\" > \"${SCRIPT_OUTPUT_FILE_0}\"\n";
			showEnvVarsInLog = 0;
		};
/* End PBXShellScriptBuildPhase section */

/* Begin PBXSourcesBuildPhase section */
		13B07F871A680F5B00A75B9A /* Sources */ = {
			isa = PBXSourcesBuildPhase;
			buildActionMask = 2147483647;
			files = (
				13B07FBC1A68108700A75B9A /* AppDelegate.m in Sources */,
				13B07FC11A68108700A75B9A /* main.m in Sources */,
				753140EC265E5BF900015026 /* void.swift in Sources */,
			);
			runOnlyForDeploymentPostprocessing = 0;
		};
/* End PBXSourcesBuildPhase section */

/* Begin PBXVariantGroup section */
		13B07FB11A68108700A75B9A /* LaunchScreen.xib */ = {
			isa = PBXVariantGroup;
			children = (
				13B07FB21A68108700A75B9A /* Base */,
			);
			name = LaunchScreen.xib;
			path = ListingApp;
			sourceTree = "<group>";
		};
/* End PBXVariantGroup section */

/* Begin XCBuildConfiguration section */
		13B07F941A680F5B00A75B9A /* Debug */ = {
			isa = XCBuildConfiguration;
			baseConfigurationReference = 10181228FF795ACA571D3739 /* Pods-ListingApp.debug.xcconfig */;
			buildSettings = {
				ASSETCATALOG_COMPILER_APPICON_NAME = AppIcon;
				CLANG_ENABLE_MODULES = YES;
				CODE_SIGN_ENTITLEMENTS = ListingApp/Fadr.entitlements;
				CODE_SIGN_IDENTITY = "Apple Development";
				CODE_SIGN_STYLE = Automatic;
				CURRENT_PROJECT_VERSION = 1;
				DEAD_CODE_STRIPPING = NO;
				DEVELOPMENT_TEAM = "";
				ENABLE_BITCODE = NO;
				EXCLUDED_ARCHS = "";
				FRAMEWORK_SEARCH_PATHS = (
					"$(inherited)",
					"$(PROJECT_DIR)/",
				);
				GCC_PREPROCESSOR_DEFINITIONS = (
					"$(inherited)",
					"COCOAPODS=1",
					"$(inherited)",
					"GPB_USE_PROTOBUF_FRAMEWORK_IMPORTS=1",
					"$(inherited)",
					"PB_FIELD_32BIT=1",
					"PB_NO_PACKED_STRUCTS=1",
					"PB_ENABLE_MALLOC=1",
					"$(inherited)",
					"SD_WEBP=1",
					"HAVE_GOOGLE_MAPS=1",
				);
				HEADER_SEARCH_PATHS = (
					"$(inherited)",
					"$(SRCROOT)/../node_modules/react-native-fast-imageiosFastImage",
					"$(SRCROOT)/../node_modules/react-native-vector-iconsRNVectorIconsManager",
					"$(SRCROOT)/../node_modules/react-native-facebook-login/RCTFBLogin/**",
					"$(SRCROOT)/../node_modules/react-native-splash-screen/ios/**",
				);
				INFOPLIST_FILE = ListingApp/Info.plist;
				IPHONEOS_DEPLOYMENT_TARGET = 12.1;
				LD_RUNPATH_SEARCH_PATHS = "$(inherited) @executable_path/Frameworks";
				LIBRARY_SEARCH_PATHS = (
					"$(inherited)",
					"${PODS_CONFIGURATION_BUILD_DIR}/BoringSSL-GRPC",
					"${PODS_CONFIGURATION_BUILD_DIR}/DoubleConversion",
					"${PODS_CONFIGURATION_BUILD_DIR}/FBReactNativeSpec",
					"${PODS_CONFIGURATION_BUILD_DIR}/FBSDKCoreKit",
					"${PODS_CONFIGURATION_BUILD_DIR}/FBSDKLoginKit",
					"${PODS_CONFIGURATION_BUILD_DIR}/FBSDKShareKit",
					"${PODS_CONFIGURATION_BUILD_DIR}/FirebaseAuth",
					"${PODS_CONFIGURATION_BUILD_DIR}/FirebaseCore",
					"${PODS_CONFIGURATION_BUILD_DIR}/FirebaseCoreDiagnostics",
					"${PODS_CONFIGURATION_BUILD_DIR}/FirebaseFirestore",
					"${PODS_CONFIGURATION_BUILD_DIR}/FirebaseInstanceID",
					"${PODS_CONFIGURATION_BUILD_DIR}/FirebaseMessaging",
					"${PODS_CONFIGURATION_BUILD_DIR}/FirebaseStorage",
					"${PODS_CONFIGURATION_BUILD_DIR}/Folly",
					"${PODS_CONFIGURATION_BUILD_DIR}/GTMSessionFetcher",
					"${PODS_CONFIGURATION_BUILD_DIR}/Google-Maps-iOS-Utils",
					"${PODS_CONFIGURATION_BUILD_DIR}/GoogleDataTransport",
					"${PODS_CONFIGURATION_BUILD_DIR}/GoogleDataTransportCCTSupport",
					"${PODS_CONFIGURATION_BUILD_DIR}/GoogleUtilities",
					"${PODS_CONFIGURATION_BUILD_DIR}/PromisesObjC",
					"${PODS_CONFIGURATION_BUILD_DIR}/Protobuf",
					"${PODS_CONFIGURATION_BUILD_DIR}/QBImagePickerController",
					"${PODS_CONFIGURATION_BUILD_DIR}/RCTTypeSafety",
					"${PODS_CONFIGURATION_BUILD_DIR}/RNCAsyncStorage",
					"${PODS_CONFIGURATION_BUILD_DIR}/RNFastImage",
					"${PODS_CONFIGURATION_BUILD_DIR}/RNFirebase",
					"${PODS_CONFIGURATION_BUILD_DIR}/RNGestureHandler",
					"${PODS_CONFIGURATION_BUILD_DIR}/RNImageCropPicker",
					"${PODS_CONFIGURATION_BUILD_DIR}/RNLocalize",
					"${PODS_CONFIGURATION_BUILD_DIR}/RNReanimated",
					"${PODS_CONFIGURATION_BUILD_DIR}/RNScreens",
					"${PODS_CONFIGURATION_BUILD_DIR}/RNVectorIcons",
					"${PODS_CONFIGURATION_BUILD_DIR}/RSKImageCropper",
					"${PODS_CONFIGURATION_BUILD_DIR}/React-ART",
					"${PODS_CONFIGURATION_BUILD_DIR}/React-Core",
					"${PODS_CONFIGURATION_BUILD_DIR}/React-CoreModules",
					"${PODS_CONFIGURATION_BUILD_DIR}/React-RCTActionSheet",
					"${PODS_CONFIGURATION_BUILD_DIR}/React-RCTAnimation",
					"${PODS_CONFIGURATION_BUILD_DIR}/React-RCTBlob",
					"${PODS_CONFIGURATION_BUILD_DIR}/React-RCTImage",
					"${PODS_CONFIGURATION_BUILD_DIR}/React-RCTLinking",
					"${PODS_CONFIGURATION_BUILD_DIR}/React-RCTNetwork",
					"${PODS_CONFIGURATION_BUILD_DIR}/React-RCTSettings",
					"${PODS_CONFIGURATION_BUILD_DIR}/React-RCTText",
					"${PODS_CONFIGURATION_BUILD_DIR}/React-RCTVibration",
					"${PODS_CONFIGURATION_BUILD_DIR}/React-cxxreact",
					"${PODS_CONFIGURATION_BUILD_DIR}/React-jsi",
					"${PODS_CONFIGURATION_BUILD_DIR}/React-jsiexecutor",
					"${PODS_CONFIGURATION_BUILD_DIR}/React-jsinspector",
					"${PODS_CONFIGURATION_BUILD_DIR}/ReactCommon",
					"${PODS_CONFIGURATION_BUILD_DIR}/ReactNativeDarkMode",
					"${PODS_CONFIGURATION_BUILD_DIR}/ReactNativeGetLocation",
					"${PODS_CONFIGURATION_BUILD_DIR}/SDWebImage",
					"${PODS_CONFIGURATION_BUILD_DIR}/SDWebImageWebPCoder",
					"${PODS_CONFIGURATION_BUILD_DIR}/Yoga",
					"${PODS_CONFIGURATION_BUILD_DIR}/abseil",
					"${PODS_CONFIGURATION_BUILD_DIR}/gRPC-C++",
					"${PODS_CONFIGURATION_BUILD_DIR}/gRPC-Core",
					"${PODS_CONFIGURATION_BUILD_DIR}/glog",
					"${PODS_CONFIGURATION_BUILD_DIR}/leveldb-library",
					"${PODS_CONFIGURATION_BUILD_DIR}/libwebp",
					"${PODS_CONFIGURATION_BUILD_DIR}/nanopb",
					"${PODS_CONFIGURATION_BUILD_DIR}/react-native-fbsdk",
					"${PODS_CONFIGURATION_BUILD_DIR}/react-native-geolocation",
					"${PODS_CONFIGURATION_BUILD_DIR}/react-native-google-maps",
					"${PODS_CONFIGURATION_BUILD_DIR}/react-native-image-picker",
					"${PODS_CONFIGURATION_BUILD_DIR}/react-native-maps",
					"${PODS_CONFIGURATION_BUILD_DIR}/react-native-video",
					"${PODS_CONFIGURATION_BUILD_DIR}/react-native-webview",
					"${PODS_CONFIGURATION_BUILD_DIR}/toolbar-android",
					"$(SDKROOT)/usr/lib/swift",
				);
				MARKETING_VERSION = 4.0;
				ONLY_ACTIVE_ARCH = YES;
				OTHER_LDFLAGS = (
					"$(inherited)",
					"-ObjC",
					"-lc++",
				);
				PRODUCT_BUNDLE_IDENTIFIER = com.kynginc.blackmd;
				PRODUCT_NAME = "BlackMD Cares";
				PROVISIONING_PROFILE_SPECIFIER = "";
				SWIFT_OBJC_BRIDGING_HEADER = "ListingApp-Bridging-Header.h";
				SWIFT_OPTIMIZATION_LEVEL = "-Onone";
				SWIFT_VERSION = 5.0;
				TARGETED_DEVICE_FAMILY = 1;
				VALIDATE_WORKSPACE = YES;
				VALID_ARCHS = "arm64 arm64e armv7 armv7s x86_64";
				VERSIONING_SYSTEM = "apple-generic";
			};
			name = Debug;
		};
		13B07F951A680F5B00A75B9A /* Release */ = {
			isa = XCBuildConfiguration;
			baseConfigurationReference = 8DF942E0915788AC557F60DF /* Pods/Target Support Files/Pods-ListingApp/Pods-ListingApp.release.xcconfig */;
			buildSettings = {
				ASSETCATALOG_COMPILER_APPICON_NAME = AppIcon;
				CLANG_ENABLE_MODULES = YES;
				CODE_SIGN_ENTITLEMENTS = ListingApp/Fadr.entitlements;
				CODE_SIGN_IDENTITY = "Apple Development";
				"CODE_SIGN_IDENTITY[sdk=iphoneos*]" = "Apple Development";
				CODE_SIGN_STYLE = Automatic;
				CURRENT_PROJECT_VERSION = 1;
				DEVELOPMENT_TEAM = "";
				ENABLE_BITCODE = NO;
				EXCLUDED_ARCHS = "";
				FRAMEWORK_SEARCH_PATHS = (
					"$(inherited)",
					"$(PROJECT_DIR)/",
				);
				GCC_PREPROCESSOR_DEFINITIONS = (
					"$(inherited)",
					"COCOAPODS=1",
					"$(inherited)",
					"GPB_USE_PROTOBUF_FRAMEWORK_IMPORTS=1",
					"$(inherited)",
					"PB_FIELD_32BIT=1",
					"PB_NO_PACKED_STRUCTS=1",
					"PB_ENABLE_MALLOC=1",
					"$(inherited)",
					"SD_WEBP=1",
					"HAVE_GOOGLE_MAPS=1",
				);
				HEADER_SEARCH_PATHS = (
					"$(inherited)",
					"$(SRCROOT)/../node_modules/react-native-fast-imageiosFastImage",
					"$(SRCROOT)/../node_modules/react-native-vector-iconsRNVectorIconsManager",
					"$(SRCROOT)/../node_modules/react-native-facebook-login/RCTFBLogin/**",
					"$(SRCROOT)/../node_modules/react-native-splash-screen/ios/**",
				);
				INFOPLIST_FILE = ListingApp/Info.plist;
				IPHONEOS_DEPLOYMENT_TARGET = 12.1;
				LD_RUNPATH_SEARCH_PATHS = "$(inherited) @executable_path/Frameworks";
				LIBRARY_SEARCH_PATHS = (
					"$(inherited)",
					"${PODS_CONFIGURATION_BUILD_DIR}/BoringSSL-GRPC",
					"${PODS_CONFIGURATION_BUILD_DIR}/DoubleConversion",
					"${PODS_CONFIGURATION_BUILD_DIR}/FBReactNativeSpec",
					"${PODS_CONFIGURATION_BUILD_DIR}/FBSDKCoreKit",
					"${PODS_CONFIGURATION_BUILD_DIR}/FBSDKLoginKit",
					"${PODS_CONFIGURATION_BUILD_DIR}/FBSDKShareKit",
					"${PODS_CONFIGURATION_BUILD_DIR}/FirebaseAuth",
					"${PODS_CONFIGURATION_BUILD_DIR}/FirebaseCore",
					"${PODS_CONFIGURATION_BUILD_DIR}/FirebaseCoreDiagnostics",
					"${PODS_CONFIGURATION_BUILD_DIR}/FirebaseFirestore",
					"${PODS_CONFIGURATION_BUILD_DIR}/FirebaseInstanceID",
					"${PODS_CONFIGURATION_BUILD_DIR}/FirebaseMessaging",
					"${PODS_CONFIGURATION_BUILD_DIR}/FirebaseStorage",
					"${PODS_CONFIGURATION_BUILD_DIR}/Folly",
					"${PODS_CONFIGURATION_BUILD_DIR}/GTMSessionFetcher",
					"${PODS_CONFIGURATION_BUILD_DIR}/Google-Maps-iOS-Utils",
					"${PODS_CONFIGURATION_BUILD_DIR}/GoogleDataTransport",
					"${PODS_CONFIGURATION_BUILD_DIR}/GoogleDataTransportCCTSupport",
					"${PODS_CONFIGURATION_BUILD_DIR}/GoogleUtilities",
					"${PODS_CONFIGURATION_BUILD_DIR}/PromisesObjC",
					"${PODS_CONFIGURATION_BUILD_DIR}/Protobuf",
					"${PODS_CONFIGURATION_BUILD_DIR}/QBImagePickerController",
					"${PODS_CONFIGURATION_BUILD_DIR}/RCTTypeSafety",
					"${PODS_CONFIGURATION_BUILD_DIR}/RNCAsyncStorage",
					"${PODS_CONFIGURATION_BUILD_DIR}/RNFastImage",
					"${PODS_CONFIGURATION_BUILD_DIR}/RNFirebase",
					"${PODS_CONFIGURATION_BUILD_DIR}/RNGestureHandler",
					"${PODS_CONFIGURATION_BUILD_DIR}/RNImageCropPicker",
					"${PODS_CONFIGURATION_BUILD_DIR}/RNLocalize",
					"${PODS_CONFIGURATION_BUILD_DIR}/RNReanimated",
					"${PODS_CONFIGURATION_BUILD_DIR}/RNScreens",
					"${PODS_CONFIGURATION_BUILD_DIR}/RNVectorIcons",
					"${PODS_CONFIGURATION_BUILD_DIR}/RSKImageCropper",
					"${PODS_CONFIGURATION_BUILD_DIR}/React-ART",
					"${PODS_CONFIGURATION_BUILD_DIR}/React-Core",
					"${PODS_CONFIGURATION_BUILD_DIR}/React-CoreModules",
					"${PODS_CONFIGURATION_BUILD_DIR}/React-RCTActionSheet",
					"${PODS_CONFIGURATION_BUILD_DIR}/React-RCTAnimation",
					"${PODS_CONFIGURATION_BUILD_DIR}/React-RCTBlob",
					"${PODS_CONFIGURATION_BUILD_DIR}/React-RCTImage",
					"${PODS_CONFIGURATION_BUILD_DIR}/React-RCTLinking",
					"${PODS_CONFIGURATION_BUILD_DIR}/React-RCTNetwork",
					"${PODS_CONFIGURATION_BUILD_DIR}/React-RCTSettings",
					"${PODS_CONFIGURATION_BUILD_DIR}/React-RCTText",
					"${PODS_CONFIGURATION_BUILD_DIR}/React-RCTVibration",
					"${PODS_CONFIGURATION_BUILD_DIR}/React-cxxreact",
					"${PODS_CONFIGURATION_BUILD_DIR}/React-jsi",
					"${PODS_CONFIGURATION_BUILD_DIR}/React-jsiexecutor",
					"${PODS_CONFIGURATION_BUILD_DIR}/React-jsinspector",
					"${PODS_CONFIGURATION_BUILD_DIR}/ReactCommon",
					"${PODS_CONFIGURATION_BUILD_DIR}/ReactNativeDarkMode",
					"${PODS_CONFIGURATION_BUILD_DIR}/ReactNativeGetLocation",
					"${PODS_CONFIGURATION_BUILD_DIR}/SDWebImage",
					"${PODS_CONFIGURATION_BUILD_DIR}/SDWebImageWebPCoder",
					"${PODS_CONFIGURATION_BUILD_DIR}/Yoga",
					"${PODS_CONFIGURATION_BUILD_DIR}/abseil",
					"${PODS_CONFIGURATION_BUILD_DIR}/gRPC-C++",
					"${PODS_CONFIGURATION_BUILD_DIR}/gRPC-Core",
					"${PODS_CONFIGURATION_BUILD_DIR}/glog",
					"${PODS_CONFIGURATION_BUILD_DIR}/leveldb-library",
					"${PODS_CONFIGURATION_BUILD_DIR}/libwebp",
					"${PODS_CONFIGURATION_BUILD_DIR}/nanopb",
					"${PODS_CONFIGURATION_BUILD_DIR}/react-native-fbsdk",
					"${PODS_CONFIGURATION_BUILD_DIR}/react-native-geolocation",
					"${PODS_CONFIGURATION_BUILD_DIR}/react-native-google-maps",
					"${PODS_CONFIGURATION_BUILD_DIR}/react-native-image-picker",
					"${PODS_CONFIGURATION_BUILD_DIR}/react-native-maps",
					"${PODS_CONFIGURATION_BUILD_DIR}/react-native-video",
					"${PODS_CONFIGURATION_BUILD_DIR}/react-native-webview",
					"${PODS_CONFIGURATION_BUILD_DIR}/toolbar-android",
					"$(SDKROOT)/usr/lib/swift",
				);
				MARKETING_VERSION = 4.0;
				ONLY_ACTIVE_ARCH = YES;
				OTHER_LDFLAGS = (
					"$(inherited)",
					"-ObjC",
					"-lc++",
				);
				PRODUCT_BUNDLE_IDENTIFIER = com.kynginc.blackmd;
				PRODUCT_NAME = "BlackMD Cares";
				PROVISIONING_PROFILE_SPECIFIER = "";
				SWIFT_OBJC_BRIDGING_HEADER = "ListingApp-Bridging-Header.h";
				SWIFT_VERSION = 5.0;
				TARGETED_DEVICE_FAMILY = 1;
				VALIDATE_WORKSPACE = YES;
				VALID_ARCHS = "arm64 arm64e armv7 armv7s x86_64";
				VERSIONING_SYSTEM = "apple-generic";
			};
			name = Release;
		};
		83CBBA201A601CBA00E9B192 /* Debug */ = {
			isa = XCBuildConfiguration;
			buildSettings = {
				ALWAYS_SEARCH_USER_PATHS = NO;
				CLANG_CXX_LANGUAGE_STANDARD = "gnu++0x";
				CLANG_CXX_LIBRARY = "libc++";
				CLANG_ENABLE_MODULES = YES;
				CLANG_ENABLE_OBJC_ARC = YES;
				CLANG_WARN_BLOCK_CAPTURE_AUTORELEASING = YES;
				CLANG_WARN_BOOL_CONVERSION = YES;
				CLANG_WARN_COMMA = YES;
				CLANG_WARN_CONSTANT_CONVERSION = YES;
				CLANG_WARN_DEPRECATED_OBJC_IMPLEMENTATIONS = YES;
				CLANG_WARN_DIRECT_OBJC_ISA_USAGE = YES_ERROR;
				CLANG_WARN_EMPTY_BODY = YES;
				CLANG_WARN_ENUM_CONVERSION = YES;
				CLANG_WARN_INFINITE_RECURSION = YES;
				CLANG_WARN_INT_CONVERSION = YES;
				CLANG_WARN_NON_LITERAL_NULL_CONVERSION = YES;
				CLANG_WARN_OBJC_IMPLICIT_RETAIN_SELF = YES;
				CLANG_WARN_OBJC_LITERAL_CONVERSION = YES;
				CLANG_WARN_OBJC_ROOT_CLASS = YES_ERROR;
				CLANG_WARN_RANGE_LOOP_ANALYSIS = YES;
				CLANG_WARN_STRICT_PROTOTYPES = YES;
				CLANG_WARN_SUSPICIOUS_MOVE = YES;
				CLANG_WARN_UNREACHABLE_CODE = YES;
				CLANG_WARN__DUPLICATE_METHOD_MATCH = YES;
				CODE_SIGN_IDENTITY = "iPhone Distribution: MIND Headache And Neurology PLLC (TLK38DQS52)";
				"CODE_SIGN_IDENTITY[sdk=iphoneos*]" = "iPhone Distribution: MIND Headache And Neurology PLLC (TLK38DQS52)";
				CODE_SIGN_STYLE = Manual;
				COPY_PHASE_STRIP = NO;
				DEVELOPMENT_TEAM = TLK38DQS52;
				ENABLE_STRICT_OBJC_MSGSEND = YES;
				ENABLE_TESTABILITY = NO;
				GCC_C_LANGUAGE_STANDARD = gnu99;
				GCC_DYNAMIC_NO_PIC = NO;
				GCC_NO_COMMON_BLOCKS = YES;
				GCC_OPTIMIZATION_LEVEL = 0;
				GCC_PREPROCESSOR_DEFINITIONS = (
					"DEBUG=1",
					"$(inherited)",
				);
				GCC_SYMBOLS_PRIVATE_EXTERN = NO;
				GCC_WARN_64_TO_32_BIT_CONVERSION = YES;
				GCC_WARN_ABOUT_RETURN_TYPE = YES_ERROR;
				GCC_WARN_UNDECLARED_SELECTOR = YES;
				GCC_WARN_UNINITIALIZED_AUTOS = YES_AGGRESSIVE;
				GCC_WARN_UNUSED_FUNCTION = YES;
				GCC_WARN_UNUSED_VARIABLE = YES;
				IPHONEOS_DEPLOYMENT_TARGET = 12.1;
				MTL_ENABLE_DEBUG_INFO = YES;
				ONLY_ACTIVE_ARCH = YES;
				PROVISIONING_PROFILE_SPECIFIER = blackMdDistProfile;
				SDKROOT = iphoneos;
			};
			name = Debug;
		};
		83CBBA211A601CBA00E9B192 /* Release */ = {
			isa = XCBuildConfiguration;
			buildSettings = {
				ALWAYS_SEARCH_USER_PATHS = NO;
				CLANG_CXX_LANGUAGE_STANDARD = "gnu++0x";
				CLANG_CXX_LIBRARY = "libc++";
				CLANG_ENABLE_MODULES = YES;
				CLANG_ENABLE_OBJC_ARC = YES;
				CLANG_WARN_BLOCK_CAPTURE_AUTORELEASING = YES;
				CLANG_WARN_BOOL_CONVERSION = YES;
				CLANG_WARN_COMMA = YES;
				CLANG_WARN_CONSTANT_CONVERSION = YES;
				CLANG_WARN_DEPRECATED_OBJC_IMPLEMENTATIONS = YES;
				CLANG_WARN_DIRECT_OBJC_ISA_USAGE = YES_ERROR;
				CLANG_WARN_EMPTY_BODY = YES;
				CLANG_WARN_ENUM_CONVERSION = YES;
				CLANG_WARN_INFINITE_RECURSION = YES;
				CLANG_WARN_INT_CONVERSION = YES;
				CLANG_WARN_NON_LITERAL_NULL_CONVERSION = YES;
				CLANG_WARN_OBJC_IMPLICIT_RETAIN_SELF = YES;
				CLANG_WARN_OBJC_LITERAL_CONVERSION = YES;
				CLANG_WARN_OBJC_ROOT_CLASS = YES_ERROR;
				CLANG_WARN_RANGE_LOOP_ANALYSIS = YES;
				CLANG_WARN_STRICT_PROTOTYPES = YES;
				CLANG_WARN_SUSPICIOUS_MOVE = YES;
				CLANG_WARN_UNREACHABLE_CODE = YES;
				CLANG_WARN__DUPLICATE_METHOD_MATCH = YES;
				CODE_SIGN_IDENTITY = "iPhone Distribution: MIND Headache And Neurology PLLC (TLK38DQS52)";
				"CODE_SIGN_IDENTITY[sdk=iphoneos*]" = "iPhone Distribution: MIND Headache And Neurology PLLC (TLK38DQS52)";
				CODE_SIGN_STYLE = Manual;
				COPY_PHASE_STRIP = YES;
				DEVELOPMENT_TEAM = TLK38DQS52;
				ENABLE_NS_ASSERTIONS = NO;
				ENABLE_STRICT_OBJC_MSGSEND = YES;
				ENABLE_TESTABILITY = YES;
				GCC_C_LANGUAGE_STANDARD = gnu99;
				GCC_NO_COMMON_BLOCKS = YES;
				GCC_WARN_64_TO_32_BIT_CONVERSION = YES;
				GCC_WARN_ABOUT_RETURN_TYPE = YES_ERROR;
				GCC_WARN_UNDECLARED_SELECTOR = YES;
				GCC_WARN_UNINITIALIZED_AUTOS = YES_AGGRESSIVE;
				GCC_WARN_UNUSED_FUNCTION = YES;
				GCC_WARN_UNUSED_VARIABLE = YES;
				IPHONEOS_DEPLOYMENT_TARGET = 12.1;
				MTL_ENABLE_DEBUG_INFO = NO;
				ONLY_ACTIVE_ARCH = NO;
				PROVISIONING_PROFILE_SPECIFIER = blackMdDistProfile;
				SDKROOT = iphoneos;
				VALIDATE_PRODUCT = YES;
			};
			name = Release;
		};
/* End XCBuildConfiguration section */

/* Begin XCConfigurationList section */
		13B07F931A680F5B00A75B9A /* Build configuration list for PBXNativeTarget "ListingApp" */ = {
			isa = XCConfigurationList;
			buildConfigurations = (
				13B07F941A680F5B00A75B9A /* Debug */,
				13B07F951A680F5B00A75B9A /* Release */,
			);
			defaultConfigurationIsVisible = 0;
			defaultConfigurationName = Release;
		};
		83CBB9FA1A601CBA00E9B192 /* Build configuration list for PBXProject "ListingApp" */ = {
			isa = XCConfigurationList;
			buildConfigurations = (
				83CBBA201A601CBA00E9B192 /* Debug */,
				83CBBA211A601CBA00E9B192 /* Release */,
			);
			defaultConfigurationIsVisible = 0;
			defaultConfigurationName = Release;
		};
/* End XCConfigurationList section */
	};
	rootObject = 83CBB9F71A601CBA00E9B192 /* Project object */;
}
